
Microsoft Visual Studio Solution File, Format Version 12.00
# Visual Studio Version 17
VisualStudioVersion = 17.2.32616.157
MinimumVisualStudioVersion = 10.0.40219.1
Project("{FAE04EC0-301F-11D3-BF4B-00C04F79EFBC}") = "MemoryGame", "MemeryGame\MemoryGame.csproj", "{5F38E363-F023-404F-A2F3-35AE1F5B5007}"
EndProject
Global
	GlobalSection(SolutionConfigurationPlatforms) = preSolution
		Debug|Any CPU = Debug|Any CPU
		Release|Any CPU = Release|Any CPU
	EndGlobalSection
	GlobalSection(ProjectConfigurationPlatforms) = postSolution
		{5F38E363-F023-404F-A2F3-35AE1F5B5007}.Debug|Any CPU.ActiveCfg = Debug|Any CPU
		{5F38E363-F023-404F-A2F3-35AE1F5B5007}.Debug|Any CPU.Build.0 = Debug|Any CPU
		{5F38E363-F023-404F-A2F3-35AE1F5B5007}.Release|Any CPU.ActiveCfg = Release|Any CPU
		{5F38E363-F023-404F-A2F3-35AE1F5B5007}.Release|Any CPU.Build.0 = Release|Any CPU
	EndGlobalSection
	GlobalSection(SolutionProperties) = preSolution
		HideSolutionNode = FALSE
	EndGlobalSection
	GlobalSection(ExtensibilityGlobals) = postSolution
		SolutionGuid = {AC6AF730-383E-4487-A9B7-FBCF1E33FEB3}
	EndGlobalSection
EndGlobal
